<?xml version="1.0" encoding="utf-8"?>
<Project ToolsVersion="4.0" xmlns="http://schemas.microsoft.com/developer/msbuild/2003">
  <ItemGroup>
    <Filter Include="Source Files">
      <UniqueIdentifier>{4FC737F1-C7A5-4376-A066-2A32D752A2FF}</UniqueIdentifier>
      <Extensions>cpp;c;cc;cxx;def;odl;idl;hpj;bat;asm;asmx</Extensions>
    </Filter>
    <Filter Include="Header Files">
      <UniqueIdentifier>{93995380-89BD-4b04-88EB-625FBE52EBFB}</UniqueIdentifier>
      <Extensions>h;hpp;hxx;hm;inl;inc;xsd</Extensions>
    </Filter>
    <Filter Include="Resource Files">
      <UniqueIdentifier>{67DA6AB6-F800-4c08-8B7A-83BB121AAD01}</UniqueIdentifier>
      <Extensions>rc;ico;cur;bmp;dlg;rc2;rct;bin;rgs;gif;jpg;jpeg;jpe;resx;tiff;tif;png;wav</Extensions>
    </Filter>
    <Filter Include="Header Files\Rules">
      <UniqueIdentifier>{3d3a89b7-e65a-49ac-b419-b85d87f84198}</UniqueIdentifier>
    </Filter>
    <Filter Include="Source Files\Rules">
      <UniqueIdentifier>{613fc3a2-d674-40ca-b6ce-b8a9d33ec21e}</UniqueIdentifier>
    </Filter>
  </ItemGroup>
  <ItemGroup>
    <ClInclude Include="..\include\Resources.h">
      <Filter>Header Files</Filter>
    </ClInclude>
    <ClInclude Include="..\include\Box.h">
      <Filter>Header Files</Filter>
    </ClInclude>
    <ClInclude Include="..\include\Flock.h">
      <Filter>Header Files</Filter>
    </ClInclude>
    <ClInclude Include="..\include\FlockController.h">
      <Filter>Header Files</Filter>
    </ClInclude>
    <ClInclude Include="..\include\Boid.h">
      <Filter>Header Files</Filter>
    </ClInclude>
    <ClInclude Include="..\include\Includes.h">
      <Filter>Header Files</Filter>
    </ClInclude>
    <ClInclude Include="..\include\AbstractRule.h">
      <Filter>Header Files\Rules</Filter>
    </ClInclude>
    <ClInclude Include="..\include\AllignmentRule.h">
      <Filter>Header Files\Rules</Filter>
    </ClInclude>
    <ClInclude Include="..\include\CohesionRule.h">
      <Filter>Header Files\Rules</Filter>
    </ClInclude>
    <ClInclude Include="..\include\SeparationRule.h">
      <Filter>Header Files\Rules</Filter>
    </ClInclude>
    <ClInclude Include="..\include\AppController.h">
      <Filter>Header Files</Filter>
    </ClInclude>
    <ClInclude Include="..\include\ContainmentRule.h">
      <Filter>Header Files\Rules</Filter>
    </ClInclude>
  </ItemGroup>
  <ItemGroup>
    <ResourceCompile Include="Resources.rc">
      <Filter>Resource Files</Filter>
    </ResourceCompile>
  </ItemGroup>
  <ItemGroup>
    <ClCompile Include="..\src\Box.cpp">
      <Filter>Source Files</Filter>
    </ClCompile>
    <ClCompile Include="..\src\Flock.cpp">
      <Filter>Source Files</Filter>
    </ClCompile>
    <ClCompile Include="..\src\FlockController.cpp">
      <Filter>Source Files</Filter>
    </ClCompile>
    <ClCompile Include="..\src\pelsBoidsApp.cpp">
      <Filter>Source Files</Filter>
    </ClCompile>
    <ClCompile Include="..\src\Boid.cpp">
      <Filter>Source Files</Filter>
    </ClCompile>
    <ClCompile Include="..\src\AbstractRule.cpp">
      <Filter>Source Files\Rules</Filter>
    </ClCompile>
    <ClCompile Include="..\src\AllignmentRule.cpp">
      <Filter>Source Files\Rules</Filter>
    </ClCompile>
    <ClCompile Include="..\src\CohesionRule.cpp">
      <Filter>Source Files\Rules</Filter>
    </ClCompile>
    <ClCompile Include="..\src\SeparationRule.cpp">
      <Filter>Source Files\Rules</Filter>
    </ClCompile>
    <ClCompile Include="..\src\AppController.cpp">
      <Filter>Source Files</Filter>
    </ClCompile>
    <ClCompile Include="..\src\ContainmentRule.cpp">
      <Filter>Source Files\Rules</Filter>
    </ClCompile>
  </ItemGroup>
  <ItemGroup>
    <None Include="ClassDiagram1.cd" />
  </ItemGroup>
</Project>